// !$*UTF8*$!
{
	archiveVersion = 1;
	classes = {
	};
	objectVersion = 56;
	objects = {

/* Begin PBXBuildFile section */
		98070EAB2B11F16200C17444 /* AppDelegate.swift in Sources */ = {isa = PBXBuildFile; fileRef = 98070EAA2B11F16200C17444 /* AppDelegate.swift */; };
		98070EAD2B11F16200C17444 /* SceneDelegate.swift in Sources */ = {isa = PBXBuildFile; fileRef = 98070EAC2B11F16200C17444 /* SceneDelegate.swift */; };
		98070EAF2B11F16200C17444 /* ViewController.swift in Sources */ = {isa = PBXBuildFile; fileRef = 98070EAE2B11F16200C17444 /* ViewController.swift */; };
		98070EB22B11F16200C17444 /* Main.storyboard in Resources */ = {isa = PBXBuildFile; fileRef = 98070EB02B11F16200C17444 /* Main.storyboard */; };
		98070EB42B11F16300C17444 /* Assets.xcassets in Resources */ = {isa = PBXBuildFile; fileRef = 98070EB32B11F16300C17444 /* Assets.xcassets */; };
		98070EB72B11F16300C17444 /* LaunchScreen.storyboard in Resources */ = {isa = PBXBuildFile; fileRef = 98070EB52B11F16300C17444 /* LaunchScreen.storyboard */; };
		98070EC22B11F16300C17444 /* TwoButtonTests.swift in Sources */ = {isa = PBXBuildFile; fileRef = 98070EC12B11F16300C17444 /* TwoButtonTests.swift */; };
		98070ECC2B11F16300C17444 /* TwoButtonUITests.swift in Sources */ = {isa = PBXBuildFile; fileRef = 98070ECB2B11F16300C17444 /* TwoButtonUITests.swift */; };
		98070ECE2B11F16300C17444 /* TwoButtonUITestsLaunchTests.swift in Sources */ = {isa = PBXBuildFile; fileRef = 98070ECD2B11F16300C17444 /* TwoButtonUITestsLaunchTests.swift */; };
/* End PBXBuildFile section */

/* Begin PBXContainerItemProxy section */
		98070EBE2B11F16300C17444 /* PBXContainerItemProxy */ = {
			isa = PBXContainerItemProxy;
			containerPortal = 98070E9F2B11F16200C17444 /* Project object */;
			proxyType = 1;
			remoteGlobalIDString = 98070EA62B11F16200C17444;
			remoteInfo = TwoButton;
		};
		98070EC82B11F16300C17444 /* PBXContainerItemProxy */ = {
			isa = PBXContainerItemProxy;
			containerPortal = 98070E9F2B11F16200C17444 /* Project object */;
			proxyType = 1;
			remoteGlobalIDString = 98070EA62B11F16200C17444;
			remoteInfo = TwoButton;
		};
/* End PBXContainerItemProxy section */

/* Begin PBXFileReference section */
		98070EA72B11F16200C17444 /* TwoButton.app */ = {isa = PBXFileReference; explicitFileType = wrapper.application; includeInIndex = 0; path = TwoButton.app; sourceTree = BUILT_PRODUCTS_DIR; };
		98070EAA2B11F16200C17444 /* AppDelegate.swift */ = {isa = PBXFileReference; lastKnownFileType = sourcecode.swift; path = AppDelegate.swift; sourceTree = "<group>"; };
		98070EAC2B11F16200C17444 /* SceneDelegate.swift */ = {isa = PBXFileReference; lastKnownFileType = sourcecode.swift; path = SceneDelegate.swift; sourceTree = "<group>"; };
		98070EAE2B11F16200C17444 /* ViewController.swift */ = {isa = PBXFileReference; lastKnownFileType = sourcecode.swift; path = ViewController.swift; sourceTree = "<group>"; };
		98070EB12B11F16200C17444 /* Base */ = {isa = PBXFileReference; lastKnownFileType = file.storyboard; name = Base; path = Base.lproj/Main.storyboard; sourceTree = "<group>"; };
		98070EB32B11F16300C17444 /* Assets.xcassets */ = {isa = PBXFileReference; lastKnownFileType = folder.assetcatalog; path = Assets.xcassets; sourceTree = "<group>"; };
		98070EB62B11F16300C17444 /* Base */ = {isa = PBXFileReference; lastKnownFileType = file.storyboard; name = Base; path = Base.lproj/LaunchScreen.storyboard; sourceTree = "<group>"; };
		98070EB82B11F16300C17444 /* Info.plist */ = {isa = PBXFileReference; lastKnownFileType = text.plist.xml; path = Info.plist; sourceTree = "<group>"; };
		98070EBD2B11F16300C17444 /* TwoButtonTests.xctest */ = {isa = PBXFileReference; explicitFileType = wrapper.cfbundle; includeInIndex = 0; path = TwoButtonTests.xctest; sourceTree = BUILT_PRODUCTS_DIR; };
		98070EC12B11F16300C17444 /* TwoButtonTests.swift */ = {isa = PBXFileReference; lastKnownFileType = sourcecode.swift; path = TwoButtonTests.swift; sourceTree = "<group>"; };
		98070EC72B11F16300C17444 /* TwoButtonUITests.xctest */ = {isa = PBXFileReference; explicitFileType = wrapper.cfbundle; includeInIndex = 0; path = TwoButtonUITests.xctest; sourceTree = BUILT_PRODUCTS_DIR; };
		98070ECB2B11F16300C17444 /* TwoButtonUITests.swift */ = {isa = PBXFileReference; lastKnownFileType = sourcecode.swift; path = TwoButtonUITests.swift; sourceTree = "<group>"; };
		98070ECD2B11F16300C17444 /* TwoButtonUITestsLaunchTests.swift */ = {isa = PBXFileReference; lastKnownFileType = sourcecode.swift; path = TwoButtonUITestsLaunchTests.swift; sourceTree = "<group>"; };
/* End PBXFileReference section */

/* Begin PBXFrameworksBuildPhase section */
		98070EA42B11F16200C17444 /* Frameworks */ = {
			isa = PBXFrameworksBuildPhase;
			buildActionMask = 2147483647;
			files = (
			);
			runOnlyForDeploymentPostprocessing = 0;
		};
		98070EBA2B11F16300C17444 /* Frameworks */ = {
			isa = PBXFrameworksBuildPhase;
			buildActionMask = 2147483647;
			files = (
			);
			runOnlyForDeploymentPostprocessing = 0;
		};
		98070EC42B11F16300C17444 /* Frameworks */ = {
			isa = PBXFrameworksBuildPhase;
			buildActionMask = 2147483647;
			files = (
			);
			runOnlyForDeploymentPostprocessing = 0;
		};
/* End PBXFrameworksBuildPhase section */

/* Begin PBXGroup section */
		98070E9E2B11F16200C17444 = {
			isa = PBXGroup;
			children = (
				98070EA92B11F16200C17444 /* TwoButton */,
				98070EC02B11F16300C17444 /* TwoButtonTests */,
				98070ECA2B11F16300C17444 /* TwoButtonUITests */,
				98070EA82B11F16200C17444 /* Products */,
			);
			sourceTree = "<group>";
		};
		98070EA82B11F16200C17444 /* Products */ = {
			isa = PBXGroup;
			children = (
				98070EA72B11F16200C17444 /* TwoButton.app */,
				98070EBD2B11F16300C17444 /* TwoButtonTests.xctest */,
				98070EC72B11F16300C17444 /* TwoButtonUITests.xctest */,
			);
			name = Products;
			sourceTree = "<group>";
		};
		98070EA92B11F16200C17444 /* TwoButton */ = {
			isa = PBXGroup;
			children = (
				98070EAA2B11F16200C17444 /* AppDelegate.swift */,
				98070EAC2B11F16200C17444 /* SceneDelegate.swift */,
				98070EAE2B11F16200C17444 /* ViewController.swift */,
				98070EB02B11F16200C17444 /* Main.storyboard */,
				98070EB32B11F16300C17444 /* Assets.xcassets */,
				98070EB52B11F16300C17444 /* LaunchScreen.storyboard */,
				98070EB82B11F16300C17444 /* Info.plist */,
			);
			path = TwoButton;
			sourceTree = "<group>";
		};
		98070EC02B11F16300C17444 /* TwoButtonTests */ = {
			isa = PBXGroup;
			children = (
				98070EC12B11F16300C17444 /* TwoButtonTests.swift */,
			);
			path = TwoButtonTests;
			sourceTree = "<group>";
		};
		98070ECA2B11F16300C17444 /* TwoButtonUITests */ = {
			isa = PBXGroup;
			children = (
				98070ECB2B11F16300C17444 /* TwoButtonUITests.swift */,
				98070ECD2B11F16300C17444 /* TwoButtonUITestsLaunchTests.swift */,
			);
			path = TwoButtonUITests;
			sourceTree = "<group>";
		};
/* End PBXGroup section */

/* Begin PBXNativeTarget section */
		98070EA62B11F16200C17444 /* TwoButton */ = {
			isa = PBXNativeTarget;
			buildConfigurationList = 98070ED12B11F16300C17444 /* Build configuration list for PBXNativeTarget "TwoButton" */;
			buildPhases = (
				98070EA32B11F16200C17444 /* Sources */,
				98070EA42B11F16200C17444 /* Frameworks */,
				98070EA52B11F16200C17444 /* Resources */,
			);
			buildRules = (
			);
			dependencies = (
			);
			name = TwoButton;
			productName = TwoButton;
			productReference = 98070EA72B11F16200C17444 /* TwoButton.app */;
			productType = "com.apple.product-type.application";
		};
		98070EBC2B11F16300C17444 /* TwoButtonTests */ = {
			isa = PBXNativeTarget;
			buildConfigurationList = 98070ED42B11F16300C17444 /* Build configuration list for PBXNativeTarget "TwoButtonTests" */;
			buildPhases = (
				98070EB92B11F16300C17444 /* Sources */,
				98070EBA2B11F16300C17444 /* Frameworks */,
				98070EBB2B11F16300C17444 /* Resources */,
			);
			buildRules = (
			);
			dependencies = (
				98070EBF2B11F16300C17444 /* PBXTargetDependency */,
			);
			name = TwoButtonTests;
			productName = TwoButtonTests;
			productReference = 98070EBD2B11F16300C17444 /* TwoButtonTests.xctest */;
			productType = "com.apple.product-type.bundle.unit-test";
		};
		98070EC62B11F16300C17444 /* TwoButtonUITests */ = {
			isa = PBXNativeTarget;
			buildConfigurationList = 98070ED72B11F16300C17444 /* Build configuration list for PBXNativeTarget "TwoButtonUITests" */;
			buildPhases = (
				98070EC32B11F16300C17444 /* Sources */,
				98070EC42B11F16300C17444 /* Frameworks */,
				98070EC52B11F16300C17444 /* Resources */,
			);
			buildRules = (
			);
			dependencies = (
				98070EC92B11F16300C17444 /* PBXTargetDependency */,
			);
			name = TwoButtonUITests;
			productName = TwoButtonUITests;
			productReference = 98070EC72B11F16300C17444 /* TwoButtonUITests.xctest */;
			productType = "com.apple.product-type.bundle.ui-testing";
		};
/* End PBXNativeTarget section */

/* Begin PBXProject section */
		98070E9F2B11F16200C17444 /* Project object */ = {
			isa = PBXProject;
			attributes = {
				BuildIndependentTargetsInParallel = 1;
				LastSwiftUpdateCheck = 1430;
				LastUpgradeCheck = 1430;
				TargetAttributes = {
					98070EA62B11F16200C17444 = {
						CreatedOnToolsVersion = 14.3.1;
					};
					98070EBC2B11F16300C17444 = {
						CreatedOnToolsVersion = 14.3.1;
						TestTargetID = 98070EA62B11F16200C17444;
					};
					98070EC62B11F16300C17444 = {
						CreatedOnToolsVersion = 14.3.1;
						TestTargetID = 98070EA62B11F16200C17444;
					};
				};
			};
			buildConfigurationList = 98070EA22B11F16200C17444 /* Build configuration list for PBXProject "TwoButton" */;
			compatibilityVersion = "Xcode 14.0";
			developmentRegion = en;
			hasScannedForEncodings = 0;
			knownRegions = (
				en,
				Base,
			);
			mainGroup = 98070E9E2B11F16200C17444;
			productRefGroup = 98070EA82B11F16200C17444 /* Products */;
			projectDirPath = "";
			projectRoot = "";
			targets = (
				98070EA62B11F16200C17444 /* TwoButton */,
				98070EBC2B11F16300C17444 /* TwoButtonTests */,
				98070EC62B11F16300C17444 /* TwoButtonUITests */,
			);
		};
/* End PBXProject section */

/* Begin PBXResourcesBuildPhase section */
		98070EA52B11F16200C17444 /* Resources */ = {
			isa = PBXResourcesBuildPhase;
			buildActionMask = 2147483647;
			files = (
				98070EB72B11F16300C17444 /* LaunchScreen.storyboard in Resources */,
				98070EB42B11F16300C17444 /* Assets.xcassets in Resources */,
				98070EB22B11F16200C17444 /* Main.storyboard in Resources */,
			);
			runOnlyForDeploymentPostprocessing = 0;
		};
		98070EBB2B11F16300C17444 /* Resources */ = {
			isa = PBXResourcesBuildPhase;
			buildActionMask = 2147483647;
			files = (
			);
			runOnlyForDeploymentPostprocessing = 0;
		};
		98070EC52B11F16300C17444 /* Resources */ = {
			isa = PBXResourcesBuildPhase;
			buildActionMask = 2147483647;
			files = (
			);
			runOnlyForDeploymentPostprocessing = 0;
		};
/* End PBXResourcesBuildPhase section */

/* Begin PBXSourcesBuildPhase section */
		98070EA32B11F16200C17444 /* Sources */ = {
			isa = PBXSourcesBuildPhase;
			buildActionMask = 2147483647;
			files = (
				98070EAF2B11F16200C17444 /* ViewController.swift in Sources */,
				98070EAB2B11F16200C17444 /* AppDelegate.swift in Sources */,
				98070EAD2B11F16200C17444 /* SceneDelegate.swift in Sources */,
			);
			runOnlyForDeploymentPostprocessing = 0;
		};
		98070EB92B11F16300C17444 /* Sources */ = {
			isa = PBXSourcesBuildPhase;
			buildActionMask = 2147483647;
			files = (
				98070EC22B11F16300C17444 /* TwoButtonTests.swift in Sources */,
			);
			runOnlyForDeploymentPostprocessing = 0;
		};
		98070EC32B11F16300C17444 /* Sources */ = {
			isa = PBXSourcesBuildPhase;
			buildActionMask = 2147483647;
			files = (
				98070ECC2B11F16300C17444 /* TwoButtonUITests.swift in Sources */,
				98070ECE2B11F16300C17444 /* TwoButtonUITestsLaunchTests.swift in Sources */,
			);
			runOnlyForDeploymentPostprocessing = 0;
		};
/* End PBXSourcesBuildPhase section */

/* Begin PBXTargetDependency section */
		98070EBF2B11F16300C17444 /* PBXTargetDependency */ = {
			isa = PBXTargetDependency;
			target = 98070EA62B11F16200C17444 /* TwoButton */;
			targetProxy = 98070EBE2B11F16300C17444 /* PBXContainerItemProxy */;
		};
		98070EC92B11F16300C17444 /* PBXTargetDependency */ = {
			isa = PBXTargetDependency;
			target = 98070EA62B11F16200C17444 /* TwoButton */;
			targetProxy = 98070EC82B11F16300C17444 /* PBXContainerItemProxy */;
		};
/* End PBXTargetDependency section */

/* Begin PBXVariantGroup section */
		98070EB02B11F16200C17444 /* Main.storyboard */ = {
			isa = PBXVariantGroup;
			children = (
				98070EB12B11F16200C17444 /* Base */,
			);
			name = Main.storyboard;
			sourceTree = "<group>";
		};
		98070EB52B11F16300C17444 /* LaunchScreen.storyboard */ = {
			isa = PBXVariantGroup;
			children = (
				98070EB62B11F16300C17444 /* Base */,
			);
			name = LaunchScreen.storyboard;
			sourceTree = "<group>";
		};
/* End PBXVariantGroup section */

/* Begin XCBuildConfiguration section */
		98070ECF2B11F16300C17444 /* Debug */ = {
			isa = XCBuildConfiguration;
			buildSettings = {
				ALWAYS_SEARCH_USER_PATHS = NO;
				CLANG_ANALYZER_NONNULL = YES;
				CLANG_ANALYZER_NUMBER_OBJECT_CONVERSION = YES_AGGRESSIVE;
				CLANG_CXX_LANGUAGE_STANDARD = "gnu++20";
				CLANG_ENABLE_MODULES = YES;
				CLANG_ENABLE_OBJC_ARC = YES;
				CLANG_ENABLE_OBJC_WEAK = YES;
				CLANG_WARN_BLOCK_CAPTURE_AUTORELEASING = YES;
				CLANG_WARN_BOOL_CONVERSION = YES;
				CLANG_WARN_COMMA = YES;
				CLANG_WARN_CONSTANT_CONVERSION = YES;
				CLANG_WARN_DEPRECATED_OBJC_IMPLEMENTATIONS = YES;
				CLANG_WARN_DIRECT_OBJC_ISA_USAGE = YES_ERROR;
				CLANG_WARN_DOCUMENTATION_COMMENTS = YES;
				CLANG_WARN_EMPTY_BODY = YES;
				CLANG_WARN_ENUM_CONVERSION = YES;
				CLANG_WARN_INFINITE_RECURSION = YES;
				CLANG_WARN_INT_CONVERSION = YES;
				CLANG_WARN_NON_LITERAL_NULL_CONVERSION = YES;
				CLANG_WARN_OBJC_IMPLICIT_RETAIN_SELF = YES;
				CLANG_WARN_OBJC_LITERAL_CONVERSION = YES;
				CLANG_WARN_OBJC_ROOT_CLASS = YES_ERROR;
				CLANG_WARN_QUOTED_INCLUDE_IN_FRAMEWORK_HEADER = YES;
				CLANG_WARN_RANGE_LOOP_ANALYSIS = YES;
				CLANG_WARN_STRICT_PROTOTYPES = YES;
				CLANG_WARN_SUSPICIOUS_MOVE = YES;
				CLANG_WARN_UNGUARDED_AVAILABILITY = YES_AGGRESSIVE;
				CLANG_WARN_UNREACHABLE_CODE = YES;
				CLANG_WARN__DUPLICATE_METHOD_MATCH = YES;
				COPY_PHASE_STRIP = NO;
				DEBUG_INFORMATION_FORMAT = dwarf;
				ENABLE_STRICT_OBJC_MSGSEND = YES;
				ENABLE_TESTABILITY = YES;
				GCC_C_LANGUAGE_STANDARD = gnu11;
				GCC_DYNAMIC_NO_PIC = NO;
				GCC_NO_COMMON_BLOCKS = YES;
				GCC_OPTIMIZATION_LEVEL = 0;
				GCC_PREPROCESSOR_DEFINITIONS = (
					"DEBUG=1",
					"$(inherited)",
				);
				GCC_WARN_64_TO_32_BIT_CONVERSION = YES;
				GCC_WARN_ABOUT_RETURN_TYPE = YES_ERROR;
				GCC_WARN_UNDECLARED_SELECTOR = YES;
				GCC_WARN_UNINITIALIZED_AUTOS = YES_AGGRESSIVE;
				GCC_WARN_UNUSED_FUNCTION = YES;
				GCC_WARN_UNUSED_VARIABLE = YES;
				IPHONEOS_DEPLOYMENT_TARGET = 16.4;
				MTL_ENABLE_DEBUG_INFO = INCLUDE_SOURCE;
				MTL_FAST_MATH = YES;
				ONLY_ACTIVE_ARCH = YES;
				SDKROOT = iphoneos;
				SWIFT_ACTIVE_COMPILATION_CONDITIONS = DEBUG;
				SWIFT_OPTIMIZATION_LEVEL = "-Onone";
			};
			name = Debug;
		};
		98070ED02B11F16300C17444 /* Release */ = {
			isa = XCBuildConfiguration;
			buildSettings = {
				ALWAYS_SEARCH_USER_PATHS = NO;
				CLANG_ANALYZER_NONNULL = YES;
				CLANG_ANALYZER_NUMBER_OBJECT_CONVERSION = YES_AGGRESSIVE;
				CLANG_CXX_LANGUAGE_STANDARD = "gnu++20";
				CLANG_ENABLE_MODULES = YES;
				CLANG_ENABLE_OBJC_ARC = YES;
				CLANG_ENABLE_OBJC_WEAK = YES;
				CLANG_WARN_BLOCK_CAPTURE_AUTORELEASING = YES;
				CLANG_WARN_BOOL_CONVERSION = YES;
				CLANG_WARN_COMMA = YES;
				CLANG_WARN_CONSTANT_CONVERSION = YES;
				CLANG_WARN_DEPRECATED_OBJC_IMPLEMENTATIONS = YES;
				CLANG_WARN_DIRECT_OBJC_ISA_USAGE = YES_ERROR;
				CLANG_WARN_DOCUMENTATION_COMMENTS = YES;
				CLANG_WARN_EMPTY_BODY = YES;
				CLANG_WARN_ENUM_CONVERSION = YES;
				CLANG_WARN_INFINITE_RECURSION = YES;
				CLANG_WARN_INT_CONVERSION = YES;
				CLANG_WARN_NON_LITERAL_NULL_CONVERSION = YES;
				CLANG_WARN_OBJC_IMPLICIT_RETAIN_SELF = YES;
				CLANG_WARN_OBJC_LITERAL_CONVERSION = YES;
				CLANG_WARN_OBJC_ROOT_CLASS = YES_ERROR;
				CLANG_WARN_QUOTED_INCLUDE_IN_FRAMEWORK_HEADER = YES;
				CLANG_WARN_RANGE_LOOP_ANALYSIS = YES;
				CLANG_WARN_STRICT_PROTOTYPES = YES;
				CLANG_WARN_SUSPICIOUS_MOVE = YES;
				CLANG_WARN_UNGUARDED_AVAILABILITY = YES_AGGRESSIVE;
				CLANG_WARN_UNREACHABLE_CODE = YES;
				CLANG_WARN__DUPLICATE_METHOD_MATCH = YES;
				COPY_PHASE_STRIP = NO;
				DEBUG_INFORMATION_FORMAT = "dwarf-with-dsym";
				ENABLE_NS_ASSERTIONS = NO;
				ENABLE_STRICT_OBJC_MSGSEND = YES;
				GCC_C_LANGUAGE_STANDARD = gnu11;
				GCC_NO_COMMON_BLOCKS = YES;
				GCC_WARN_64_TO_32_BIT_CONVERSION = YES;
				GCC_WARN_ABOUT_RETURN_TYPE = YES_ERROR;
				GCC_WARN_UNDECLARED_SELECTOR = YES;
				GCC_WARN_UNINITIALIZED_AUTOS = YES_AGGRESSIVE;
				GCC_WARN_UNUSED_FUNCTION = YES;
				GCC_WARN_UNUSED_VARIABLE = YES;
				IPHONEOS_DEPLOYMENT_TARGET = 16.4;
				MTL_ENABLE_DEBUG_INFO = NO;
				MTL_FAST_MATH = YES;
				SDKROOT = iphoneos;
				SWIFT_COMPILATION_MODE = wholemodule;
				SWIFT_OPTIMIZATION_LEVEL = "-O";
				VALIDATE_PRODUCT = YES;
			};
			name = Release;
		};
		98070ED22B11F16300C17444 /* Debug */ = {
			isa = XCBuildConfiguration;
			buildSettings = {
				ASSETCATALOG_COMPILER_APPICON_NAME = AppIcon;
				ASSETCATALOG_COMPILER_GLOBAL_ACCENT_COLOR_NAME = AccentColor;
				CODE_SIGN_STYLE = Automatic;
				CURRENT_PROJECT_VERSION = 1;
				GENERATE_INFOPLIST_FILE = YES;
				INFOPLIST_FILE = TwoButton/Info.plist;
				INFOPLIST_KEY_UIApplicationSupportsIndirectInputEvents = YES;
				INFOPLIST_KEY_UILaunchStoryboardName = LaunchScreen;
				INFOPLIST_KEY_UIMainStoryboardFile = Main;
				INFOPLIST_KEY_UISupportedInterfaceOrientations_iPad = "UIInterfaceOrientationPortrait UIInterfaceOrientationPortraitUpsideDown UIInterfaceOrientationLandscapeLeft UIInterfaceOrientationLandscapeRight";
				INFOPLIST_KEY_UISupportedInterfaceOrientations_iPhone = "UIInterfaceOrientationPortrait UIInterfaceOrientationLandscapeLeft UIInterfaceOrientationLandscapeRight";
				IPHONEOS_DEPLOYMENT_TARGET = 16.1;
				LD_RUNPATH_SEARCH_PATHS = (
					"$(inherited)",
					"@executable_path/Frameworks",
				);
				MARKETING_VERSION = 1.0;
				PRODUCT_BUNDLE_IDENTIFIER = twoButton.TwoButton;
				PRODUCT_NAME = "$(TARGET_NAME)";
				SWIFT_EMIT_LOC_STRINGS = YES;
				SWIFT_VERSION = 5.0;
				TARGETED_DEVICE_FAMILY = "1,2";
			};
			name = Debug;
		};
		98070ED32B11F16300C17444 /* Release */ = {
			isa = XCBuildConfiguration;
			buildSettings = {
				ASSETCATALOG_COMPILER_APPICON_NAME = AppIcon;
				ASSETCATALOG_COMPILER_GLOBAL_ACCENT_COLOR_NAME = AccentColor;
				CODE_SIGN_STYLE = Automatic;
				CURRENT_PROJECT_VERSION = 1;
				GENERATE_INFOPLIST_FILE = YES;
				INFOPLIST_FILE = TwoButton/Info.plist;
				INFOPLIST_KEY_UIApplicationSupportsIndirectInputEvents = YES;
				INFOPLIST_KEY_UILaunchStoryboardName = LaunchScreen;
				INFOPLIST_KEY_UIMainStoryboardFile = Main;
				INFOPLIST_KEY_UISupportedInterfaceOrientations_iPad = "UIInterfaceOrientationPortrait UIInterfaceOrientationPortraitUpsideDown UIInterfaceOrientationLandscapeLeft UIInterfaceOrientationLandscapeRight";
				INFOPLIST_KEY_UISupportedInterfaceOrientations_iPhone = "UIInterfaceOrientationPortrait UIInterfaceOrientationLandscapeLeft UIInterfaceOrientationLandscapeRight";
				IPHONEOS_DEPLOYMENT_TARGET = 16.1;
				LD_RUNPATH_SEARCH_PATHS = (
					"$(inherited)",
					"@executable_path/Frameworks",
				);
				MARKETING_VERSION = 1.0;
				PRODUCT_BUNDLE_IDENTIFIER = twoButton.TwoButton;
				PRODUCT_NAME = "$(TARGET_NAME)";
				SWIFT_EMIT_LOC_STRINGS = YES;
				SWIFT_VERSION = 5.0;
				TARGETED_DEVICE_FAMILY = "1,2";
			};
			name = Release;
		};
		98070ED52B11F16300C17444 /* Debug */ = {
			isa = XCBuildConfiguration;
			buildSettings = {
				ALWAYS_EMBED_SWIFT_STANDARD_LIBRARIES = YES;
				BUNDLE_LOADER = "$(TEST_HOST)";
				CODE_SIGN_STYLE = Automatic;
				CURRENT_PROJECT_VERSION = 1;
				GENERATE_INFOPLIST_FILE = YES;
				IPHONEOS_DEPLOYMENT_TARGET = 16.4;
				MARKETING_VERSION = 1.0;
				PRODUCT_BUNDLE_IDENTIFIER = twoButton.TwoButtonTests;
				PRODUCT_NAME = "$(TARGET_NAME)";
				SWIFT_EMIT_LOC_STRINGS = NO;
				SWIFT_VERSION = 5.0;
				TARGETED_DEVICE_FAMILY = "1,2";
				TEST_HOST = "$(BUILT_PRODUCTS_DIR)/TwoButton.app/$(BUNDLE_EXECUTABLE_FOLDER_PATH)/TwoButton";
			};
			name = Debug;
		};
		98070ED62B11F16300C17444 /* Release */ = {
			isa = XCBuildConfiguration;
			buildSettings = {
				ALWAYS_EMBED_SWIFT_STANDARD_LIBRARIES = YES;
				BUNDLE_LOADER = "$(TEST_HOST)";
				CODE_SIGN_STYLE = Automatic;
				CURRENT_PROJECT_VERSION = 1;
				GENERATE_INFOPLIST_FILE = YES;
				IPHONEOS_DEPLOYMENT_TARGET = 16.4;
				MARKETING_VERSION = 1.0;
				PRODUCT_BUNDLE_IDENTIFIER = twoButton.TwoButtonTests;
				PRODUCT_NAME = "$(TARGET_NAME)";
				SWIFT_EMIT_LOC_STRINGS = NO;
				SWIFT_VERSION = 5.0;
				TARGETED_DEVICE_FAMILY = "1,2";
				TEST_HOST = "$(BUILT_PRODUCTS_DIR)/TwoButton.app/$(BUNDLE_EXECUTABLE_FOLDER_PATH)/TwoButton";
			};
			name = Release;
		};
		98070ED82B11F16300C17444 /* Debug */ = {
			isa = XCBuildConfiguration;
			buildSettings = {
				ALWAYS_EMBED_SWIFT_STANDARD_LIBRARIES = YES;
				CODE_SIGN_STYLE = Automatic;
				CURRENT_PROJECT_VERSION = 1;
				GENERATE_INFOPLIST_FILE = YES;
				MARKETING_VERSION = 1.0;
				PRODUCT_BUNDLE_IDENTIFIER = twoButton.TwoButtonUITests;
				PRODUCT_NAME = "$(TARGET_NAME)";
				SWIFT_EMIT_LOC_STRINGS = NO;
				SWIFT_VERSION = 5.0;
				TARGETED_DEVICE_FAMILY = "1,2";
				TEST_TARGET_NAME = TwoButton;
			};
			name = Debug;
		};
		98070ED92B11F16300C17444 /* Release */ = {
			isa = XCBuildConfiguration;
			buildSettings = {
				ALWAYS_EMBED_SWIFT_STANDARD_LIBRARIES = YES;
				CODE_SIGN_STYLE = Automatic;
				CURRENT_PROJECT_VERSION = 1;
				GENERATE_INFOPLIST_FILE = YES;
				MARKETING_VERSION = 1.0;
				PRODUCT_BUNDLE_IDENTIFIER = twoButton.TwoButtonUITests;
				PRODUCT_NAME = "$(TARGET_NAME)";
				SWIFT_EMIT_LOC_STRINGS = NO;
				SWIFT_VERSION = 5.0;
				TARGETED_DEVICE_FAMILY = "1,2";
				TEST_TARGET_NAME = TwoButton;
			};
			name = Release;
		};
/* End XCBuildConfiguration section */

/* Begin XCConfigurationList section */
		98070EA22B11F16200C17444 /* Build configuration list for PBXProject "TwoButton" */ = {
			isa = XCConfigurationList;
			buildConfigurations = (
				98070ECF2B11F16300C17444 /* Debug */,
				98070ED02B11F16300C17444 /* Release */,
			);
			defaultConfigurationIsVisible = 0;
			defaultConfigurationName = Release;
		};
		98070ED12B11F16300C17444 /* Build configuration list for PBXNativeTarget "TwoButton" */ = {
			isa = XCConfigurationList;
			buildConfigurations = (
				98070ED22B11F16300C17444 /* Debug */,
				98070ED32B11F16300C17444 /* Release */,
			);
			defaultConfigurationIsVisible = 0;
			defaultConfigurationName = Release;
		};
		98070ED42B11F16300C17444 /* Build configuration list for PBXNativeTarget "TwoButtonTests" */ = {
			isa = XCConfigurationList;
			buildConfigurations = (
				98070ED52B11F16300C17444 /* Debug */,
				98070ED62B11F16300C17444 /* Release */,
			);
			defaultConfigurationIsVisible = 0;
			defaultConfigurationName = Release;
		};
		98070ED72B11F16300C17444 /* Build configuration list for PBXNativeTarget "TwoButtonUITests" */ = {
			isa = XCConfigurationList;
			buildConfigurations = (
				98070ED82B11F16300C17444 /* Debug */,
				98070ED92B11F16300C17444 /* Release */,
			);
			defaultConfigurationIsVisible = 0;
			defaultConfigurationName = Release;
		};
/* End XCConfigurationList section */
	};
	rootObject = 98070E9F2B11F16200C17444 /* Project object */;
}
